
Microsoft Visual Studio Solution File, Format Version 12.00
# Visual Studio Version 17
VisualStudioVersion = 17.0.31903.59
MinimumVisualStudioVersion = 10.0.40219.1
Project("{2150E333-8FDC-42A3-9474-1A3956D46DE8}") = "src", "src", "{BC2119C9-1064-4165-BFAC-EDDCA51157F2}"
EndProject
Project("{FAE04EC0-301F-11D3-BF4B-00C04F79EFBC}") = "IceBackend.Api", "src\IceBackend.Api\IceBackend.Api.csproj", "{12EEC7CB-AD97-4D9D-869F-46E75CE62053}"
EndProject
Project("{FAE04EC0-301F-11D3-BF4B-00C04F79EFBC}") = "IceBackend.Application", "src\IceBackend.Application\IceBackend.Application.csproj", "{9A87BFCB-C2B5-4C36-AF11-DCC8FE0B3639}"
EndProject
Project("{FAE04EC0-301F-11D3-BF4B-00C04F79EFBC}") = "IceBackend.Domain", "src\IceBackend.Domain\IceBackend.Domain.csproj", "{79D17EE2-C558-4934-948A-1D4A5A3FB407}"
EndProject
Project("{FAE04EC0-301F-11D3-BF4B-00C04F79EFBC}") = "IceBackend.Infrastructure", "src\IceBackend.Infrastructure\IceBackend.Infrastructure.csproj", "{A404BB4B-DB06-4E13-BDB6-EF6EEA4CB5E8}"
EndProject
Project("{2150E333-8FDC-42A3-9474-1A3956D46DE8}") = "tests", "tests", "{7B31A1EB-8121-4E63-A263-9038B9087153}"
EndProject
Project("{FAE04EC0-301F-11D3-BF4B-00C04F79EFBC}") = "IceBackend.UnitTests", "tests\IceBackend.UnitTests\IceBackend.UnitTests.csproj", "{472B8DC2-AC89-4330-BAD5-AB0D5CF3BC52}"
EndProject
Project("{FAE04EC0-301F-11D3-BF4B-00C04F79EFBC}") = "IceBackend.IntegrationTests", "tests\IceBackend.IntegrationTests\IceBackend.IntegrationTests.csproj", "{BCA241A2-3E97-42B4-B01C-E0FE8432B8DB}"
EndProject
Global
	GlobalSection(SolutionConfigurationPlatforms) = preSolution
		Debug|Any CPU = Debug|Any CPU
		Release|Any CPU = Release|Any CPU
	EndGlobalSection
	GlobalSection(SolutionProperties) = preSolution
		HideSolutionNode = FALSE
	EndGlobalSection
	GlobalSection(ProjectConfigurationPlatforms) = postSolution
		{12EEC7CB-AD97-4D9D-869F-46E75CE62053}.Debug|Any CPU.ActiveCfg = Debug|Any CPU
		{12EEC7CB-AD97-4D9D-869F-46E75CE62053}.Debug|Any CPU.Build.0 = Debug|Any CPU
		{12EEC7CB-AD97-4D9D-869F-46E75CE62053}.Release|Any CPU.ActiveCfg = Release|Any CPU
		{12EEC7CB-AD97-4D9D-869F-46E75CE62053}.Release|Any CPU.Build.0 = Release|Any CPU
		{9A87BFCB-C2B5-4C36-AF11-DCC8FE0B3639}.Debug|Any CPU.ActiveCfg = Debug|Any CPU
		{9A87BFCB-C2B5-4C36-AF11-DCC8FE0B3639}.Debug|Any CPU.Build.0 = Debug|Any CPU
		{9A87BFCB-C2B5-4C36-AF11-DCC8FE0B3639}.Release|Any CPU.ActiveCfg = Release|Any CPU
		{9A87BFCB-C2B5-4C36-AF11-DCC8FE0B3639}.Release|Any CPU.Build.0 = Release|Any CPU
		{79D17EE2-C558-4934-948A-1D4A5A3FB407}.Debug|Any CPU.ActiveCfg = Debug|Any CPU
		{79D17EE2-C558-4934-948A-1D4A5A3FB407}.Debug|Any CPU.Build.0 = Debug|Any CPU
		{79D17EE2-C558-4934-948A-1D4A5A3FB407}.Release|Any CPU.ActiveCfg = Release|Any CPU
		{79D17EE2-C558-4934-948A-1D4A5A3FB407}.Release|Any CPU.Build.0 = Release|Any CPU
		{A404BB4B-DB06-4E13-BDB6-EF6EEA4CB5E8}.Debug|Any CPU.ActiveCfg = Debug|Any CPU
		{A404BB4B-DB06-4E13-BDB6-EF6EEA4CB5E8}.Debug|Any CPU.Build.0 = Debug|Any CPU
		{A404BB4B-DB06-4E13-BDB6-EF6EEA4CB5E8}.Release|Any CPU.ActiveCfg = Release|Any CPU
		{A404BB4B-DB06-4E13-BDB6-EF6EEA4CB5E8}.Release|Any CPU.Build.0 = Release|Any CPU
		{472B8DC2-AC89-4330-BAD5-AB0D5CF3BC52}.Debug|Any CPU.ActiveCfg = Debug|Any CPU
		{472B8DC2-AC89-4330-BAD5-AB0D5CF3BC52}.Debug|Any CPU.Build.0 = Debug|Any CPU
		{472B8DC2-AC89-4330-BAD5-AB0D5CF3BC52}.Release|Any CPU.ActiveCfg = Release|Any CPU
		{472B8DC2-AC89-4330-BAD5-AB0D5CF3BC52}.Release|Any CPU.Build.0 = Release|Any CPU
		{BCA241A2-3E97-42B4-B01C-E0FE8432B8DB}.Debug|Any CPU.ActiveCfg = Debug|Any CPU
		{BCA241A2-3E97-42B4-B01C-E0FE8432B8DB}.Debug|Any CPU.Build.0 = Debug|Any CPU
		{BCA241A2-3E97-42B4-B01C-E0FE8432B8DB}.Release|Any CPU.ActiveCfg = Release|Any CPU
		{BCA241A2-3E97-42B4-B01C-E0FE8432B8DB}.Release|Any CPU.Build.0 = Release|Any CPU
	EndGlobalSection
	GlobalSection(NestedProjects) = preSolution
		{12EEC7CB-AD97-4D9D-869F-46E75CE62053} = {BC2119C9-1064-4165-BFAC-EDDCA51157F2}
		{9A87BFCB-C2B5-4C36-AF11-DCC8FE0B3639} = {BC2119C9-1064-4165-BFAC-EDDCA51157F2}
		{79D17EE2-C558-4934-948A-1D4A5A3FB407} = {BC2119C9-1064-4165-BFAC-EDDCA51157F2}
		{A404BB4B-DB06-4E13-BDB6-EF6EEA4CB5E8} = {BC2119C9-1064-4165-BFAC-EDDCA51157F2}
		{472B8DC2-AC89-4330-BAD5-AB0D5CF3BC52} = {7B31A1EB-8121-4E63-A263-9038B9087153}
		{BCA241A2-3E97-42B4-B01C-E0FE8432B8DB} = {7B31A1EB-8121-4E63-A263-9038B9087153}
	EndGlobalSection
EndGlobal
